{
  "name": "mucho_bruh",
  "version": "1.0.0",
  "lockfileVersion": 3,
  "requires": true,
  "packages": {
    "": {
      "name": "mucho_bruh",
      "version": "1.0.0",
      "license": "ISC",
      "dependencies": {
        "mucho_bruh": "file:"
      }
    },
    "node_modules/mucho_bruh": {
      "resolved": "",
      "link": true
    }
  }
}
